
Microsoft Visual Studio Solution File, Format Version 12.00
# Visual Studio Version 17
VisualStudioVersion = 17.5.002.0
MinimumVisualStudioVersion = 10.0.40219.1
Project("{9A19103F-16F7-4668-BE54-9A1E7A4F7556}") = "cs2_chat2vk", "cs2_chat2vk.csproj", "{72D0CCF2-B246-4E04-86E9-E3E99F8EE657}"
EndProject
Global
	GlobalSection(SolutionConfigurationPlatforms) = preSolution
		Debug|Any CPU = Debug|Any CPU
		Release|Any CPU = Release|Any CPU
	EndGlobalSection
	GlobalSection(ProjectConfigurationPlatforms) = postSolution
		{72D0CCF2-B246-4E04-86E9-E3E99F8EE657}.Debug|Any CPU.ActiveCfg = Debug|Any CPU
		{72D0CCF2-B246-4E04-86E9-E3E99F8EE657}.Debug|Any CPU.Build.0 = Debug|Any CPU
		{72D0CCF2-B246-4E04-86E9-E3E99F8EE657}.Release|Any CPU.ActiveCfg = Release|Any CPU
		{72D0CCF2-B246-4E04-86E9-E3E99F8EE657}.Release|Any CPU.Build.0 = Release|Any CPU
	EndGlobalSection
	GlobalSection(SolutionProperties) = preSolution
		HideSolutionNode = FALSE
	EndGlobalSection
	GlobalSection(ExtensibilityGlobals) = postSolution
		SolutionGuid = {B4ADF750-588C-4E3F-949D-4779892563FE}
	EndGlobalSection
EndGlobal
